PODS:
  - IRPDFKit (1.0.0):
    - JASON (~> 3.1)
  - JASON (3.1)

DEPENDENCIES:
  - IRPDFKit (from `../`)

EXTERNAL SOURCES:
  IRPDFKit:
    :path: "../"

SPEC CHECKSUMS:
  IRPDFKit: cc97ff29e34602aae332bbf6e3d18f439bb05dc5
  JASON: c1204b01c9979eef35b6948ca939aac5e7bef081

PODFILE CHECKSUM: e7ce44c608c77f6dfa420097391b14050cf8163d

COCOAPODS: 1.1.1
