PODS:
  - IRPDFKit (0.1.0):
    - JASON (~> 2.2)
  - JASON (2.2.1)

DEPENDENCIES:
  - IRPDFKit (from `../`)

EXTERNAL SOURCES:
  IRPDFKit:
    :path: "../"

SPEC CHECKSUMS:
  IRPDFKit: 3700a9b6e2df0cec1d7371209e14b5508eb9af2c
  JASON: 2fdba956dfbf8663369b81a8176e6fcb225ebf10

PODFILE CHECKSUM: e7ce44c608c77f6dfa420097391b14050cf8163d

COCOAPODS: 1.0.1
